{
  "name": "tates",
  "lockfileVersion": 2,
  "requires": true,
  "packages": {
    "": {
      "dependencies": {
        "aframe-effects": "^0.9.1"
      }
    },
    "node_modules/aframe-effects": {
      "version": "0.9.1",
      "resolved": "https://registry.npmjs.org/aframe-effects/-/aframe-effects-0.9.1.tgz",
      "integrity": "sha512-HicRWqlttT1LBumMEKOdYCP/w16k2zWsyLVhBoRMHnA28/zA6s1i4EztWPtC1F6Jk0WF+F+HKrjP37atz8yMwg=="
    }
  },
  "dependencies": {
    "aframe-effects": {
      "version": "0.9.1",
      "resolved": "https://registry.npmjs.org/aframe-effects/-/aframe-effects-0.9.1.tgz",
      "integrity": "sha512-HicRWqlttT1LBumMEKOdYCP/w16k2zWsyLVhBoRMHnA28/zA6s1i4EztWPtC1F6Jk0WF+F+HKrjP37atz8yMwg=="
    }
  }
}
